
Microsoft Visual Studio Solution File, Format Version 12.00
# Visual Studio Version 16
VisualStudioVersion = 16.0.31105.61
MinimumVisualStudioVersion = 10.0.40219.1
Project("{FAE04EC0-301F-11D3-BF4B-00C04F79EFBC}") = "team4Chess", "team4Chess\team4Chess.csproj", "{AE1DC0BF-4374-455E-981B-CCD9A184B46D}"
EndProject
Global
	GlobalSection(SolutionConfigurationPlatforms) = preSolution
		Debug|Any CPU = Debug|Any CPU
		Release|Any CPU = Release|Any CPU
	EndGlobalSection
	GlobalSection(ProjectConfigurationPlatforms) = postSolution
		{AE1DC0BF-4374-455E-981B-CCD9A184B46D}.Debug|Any CPU.ActiveCfg = Debug|Any CPU
		{AE1DC0BF-4374-455E-981B-CCD9A184B46D}.Debug|Any CPU.Build.0 = Debug|Any CPU
		{AE1DC0BF-4374-455E-981B-CCD9A184B46D}.Release|Any CPU.ActiveCfg = Release|Any CPU
		{AE1DC0BF-4374-455E-981B-CCD9A184B46D}.Release|Any CPU.Build.0 = Release|Any CPU
	EndGlobalSection
	GlobalSection(SolutionProperties) = preSolution
		HideSolutionNode = FALSE
	EndGlobalSection
	GlobalSection(ExtensibilityGlobals) = postSolution
		SolutionGuid = {8990C6C4-4952-4170-ADBE-457838DD4DFA}
	EndGlobalSection
EndGlobal
